
Microsoft Visual Studio Solution File, Format Version 12.00
# Visual Studio Version 17
VisualStudioVersion = 17.14.37203.1 d17.14
MinimumVisualStudioVersion = 10.0.40219.1
Project("{FAE04EC0-301F-11D3-BF4B-00C04F79EFBC}") = "AutoFoam.UI", "AutoFoam.UI\AutoFoam.UI.csproj", "{7EBEB3D6-3849-18B5-5AD7-C5FCDF7D772E}"
EndProject
Global
	GlobalSection(SolutionConfigurationPlatforms) = preSolution
		Debug|Any CPU = Debug|Any CPU
		Release|Any CPU = Release|Any CPU
	EndGlobalSection
	GlobalSection(ProjectConfigurationPlatforms) = postSolution
		{7EBEB3D6-3849-18B5-5AD7-C5FCDF7D772E}.Debug|Any CPU.ActiveCfg = Debug|Any CPU
		{7EBEB3D6-3849-18B5-5AD7-C5FCDF7D772E}.Debug|Any CPU.Build.0 = Debug|Any CPU
		{7EBEB3D6-3849-18B5-5AD7-C5FCDF7D772E}.Release|Any CPU.ActiveCfg = Release|Any CPU
		{7EBEB3D6-3849-18B5-5AD7-C5FCDF7D772E}.Release|Any CPU.Build.0 = Release|Any CPU
	EndGlobalSection
	GlobalSection(SolutionProperties) = preSolution
		HideSolutionNode = FALSE
	EndGlobalSection
	GlobalSection(ExtensibilityGlobals) = postSolution
		SolutionGuid = {10932409-D721-4EB4-9E36-2265E169616A}
	EndGlobalSection
EndGlobal
